
Microsoft Visual Studio Solution File, Format Version 12.00
# Visual Studio Version 17
VisualStudioVersion = 17.14.36310.24
MinimumVisualStudioVersion = 10.0.40219.1
Project("{FAE04EC0-301F-11D3-BF4B-00C04F79EFBC}") = "FinanceCore.Domain", "FinanceCore\FinanceCore.Domain.csproj", "{7F5B23C0-AACB-463A-849F-2AA4A781B8D6}"
EndProject
Project("{FAE04EC0-301F-11D3-BF4B-00C04F79EFBC}") = "FinanceCore.Application", "FinanceCore.Application\FinanceCore.Application.csproj", "{359AF0CC-D4DC-4FBC-A19D-DF2E5DC5A206}"
EndProject
Project("{FAE04EC0-301F-11D3-BF4B-00C04F79EFBC}") = "FinanceCore.Infrastructure", "FinanceCore.Infrastructure\FinanceCore.Infrastructure.csproj", "{EA0A402C-1A05-43DD-94D2-028775D59C28}"
EndProject
Project("{FAE04EC0-301F-11D3-BF4B-00C04F79EFBC}") = "FinanceCore.API", "FinanceCore.API\FinanceCore.API.csproj", "{FC548B36-0396-4627-B717-A17473EACB89}"
EndProject
Project("{FAE04EC0-301F-11D3-BF4B-00C04F79EFBC}") = "FinanceCore.Application.Tests", "FinanceCore.Application.Tests\FinanceCore.Application.Tests.csproj", "{3FC88968-C2C9-44AC-9216-15081C14C0DC}"
EndProject
Project("{FAE04EC0-301F-11D3-BF4B-00C04F79EFBC}") = "FinanceCore.Database", "FinanceCore.Database\FinanceCore.Database.csproj", "{475CD18E-526C-440B-B755-166F8D350D6F}"
EndProject
Project("{FAE04EC0-301F-11D3-BF4B-00C04F79EFBC}") = "FinanceCore.Integration.Tests", "FinanceCore.Integration.Tests\FinanceCore.Integration.Tests.csproj", "{3E02164D-EDF6-4260-93DD-6A5EF11A0EE0}"
EndProject
Project("{FAE04EC0-301F-11D3-BF4B-00C04F79EFBC}") = "FinanceCore.Domain.Tests", "FinanceCore.Domain.Tests\FinanceCore.Domain.Tests.csproj", "{74C47F85-744E-411D-A177-5A676DFA72B4}"
EndProject
Project("{54A90642-561A-4BB1-A94E-469ADEE60C69}") = "coinhive", "coinhive\coinhive.esproj", "{668A0A96-A27B-47F6-845A-A102ACEA76E8}"
EndProject
Global
	GlobalSection(SolutionConfigurationPlatforms) = preSolution
		Debug|Any CPU = Debug|Any CPU
		Debug|x64 = Debug|x64
		Debug|x86 = Debug|x86
		Release|Any CPU = Release|Any CPU
		Release|x64 = Release|x64
		Release|x86 = Release|x86
	EndGlobalSection
	GlobalSection(ProjectConfigurationPlatforms) = postSolution
		{7F5B23C0-AACB-463A-849F-2AA4A781B8D6}.Debug|Any CPU.ActiveCfg = Debug|Any CPU
		{7F5B23C0-AACB-463A-849F-2AA4A781B8D6}.Debug|Any CPU.Build.0 = Debug|Any CPU
		{7F5B23C0-AACB-463A-849F-2AA4A781B8D6}.Debug|x64.ActiveCfg = Debug|Any CPU
		{7F5B23C0-AACB-463A-849F-2AA4A781B8D6}.Debug|x64.Build.0 = Debug|Any CPU
		{7F5B23C0-AACB-463A-849F-2AA4A781B8D6}.Debug|x86.ActiveCfg = Debug|Any CPU
		{7F5B23C0-AACB-463A-849F-2AA4A781B8D6}.Debug|x86.Build.0 = Debug|Any CPU
		{7F5B23C0-AACB-463A-849F-2AA4A781B8D6}.Release|Any CPU.ActiveCfg = Release|Any CPU
		{7F5B23C0-AACB-463A-849F-2AA4A781B8D6}.Release|Any CPU.Build.0 = Release|Any CPU
		{7F5B23C0-AACB-463A-849F-2AA4A781B8D6}.Release|x64.ActiveCfg = Release|Any CPU
		{7F5B23C0-AACB-463A-849F-2AA4A781B8D6}.Release|x64.Build.0 = Release|Any CPU
		{7F5B23C0-AACB-463A-849F-2AA4A781B8D6}.Release|x86.ActiveCfg = Release|Any CPU
		{7F5B23C0-AACB-463A-849F-2AA4A781B8D6}.Release|x86.Build.0 = Release|Any CPU
		{359AF0CC-D4DC-4FBC-A19D-DF2E5DC5A206}.Debug|Any CPU.ActiveCfg = Debug|Any CPU
		{359AF0CC-D4DC-4FBC-A19D-DF2E5DC5A206}.Debug|Any CPU.Build.0 = Debug|Any CPU
		{359AF0CC-D4DC-4FBC-A19D-DF2E5DC5A206}.Debug|x64.ActiveCfg = Debug|Any CPU
		{359AF0CC-D4DC-4FBC-A19D-DF2E5DC5A206}.Debug|x64.Build.0 = Debug|Any CPU
		{359AF0CC-D4DC-4FBC-A19D-DF2E5DC5A206}.Debug|x86.ActiveCfg = Debug|Any CPU
		{359AF0CC-D4DC-4FBC-A19D-DF2E5DC5A206}.Debug|x86.Build.0 = Debug|Any CPU
		{359AF0CC-D4DC-4FBC-A19D-DF2E5DC5A206}.Release|Any CPU.ActiveCfg = Release|Any CPU
		{359AF0CC-D4DC-4FBC-A19D-DF2E5DC5A206}.Release|Any CPU.Build.0 = Release|Any CPU
		{359AF0CC-D4DC-4FBC-A19D-DF2E5DC5A206}.Release|x64.ActiveCfg = Release|Any CPU
		{359AF0CC-D4DC-4FBC-A19D-DF2E5DC5A206}.Release|x64.Build.0 = Release|Any CPU
		{359AF0CC-D4DC-4FBC-A19D-DF2E5DC5A206}.Release|x86.ActiveCfg = Release|Any CPU
		{359AF0CC-D4DC-4FBC-A19D-DF2E5DC5A206}.Release|x86.Build.0 = Release|Any CPU
		{EA0A402C-1A05-43DD-94D2-028775D59C28}.Debug|Any CPU.ActiveCfg = Debug|Any CPU
		{EA0A402C-1A05-43DD-94D2-028775D59C28}.Debug|Any CPU.Build.0 = Debug|Any CPU
		{EA0A402C-1A05-43DD-94D2-028775D59C28}.Debug|x64.ActiveCfg = Debug|Any CPU
		{EA0A402C-1A05-43DD-94D2-028775D59C28}.Debug|x64.Build.0 = Debug|Any CPU
		{EA0A402C-1A05-43DD-94D2-028775D59C28}.Debug|x86.ActiveCfg = Debug|Any CPU
		{EA0A402C-1A05-43DD-94D2-028775D59C28}.Debug|x86.Build.0 = Debug|Any CPU
		{EA0A402C-1A05-43DD-94D2-028775D59C28}.Release|Any CPU.ActiveCfg = Release|Any CPU
		{EA0A402C-1A05-43DD-94D2-028775D59C28}.Release|Any CPU.Build.0 = Release|Any CPU
		{EA0A402C-1A05-43DD-94D2-028775D59C28}.Release|x64.ActiveCfg = Release|Any CPU
		{EA0A402C-1A05-43DD-94D2-028775D59C28}.Release|x64.Build.0 = Release|Any CPU
		{EA0A402C-1A05-43DD-94D2-028775D59C28}.Release|x86.ActiveCfg = Release|Any CPU
		{EA0A402C-1A05-43DD-94D2-028775D59C28}.Release|x86.Build.0 = Release|Any CPU
		{FC548B36-0396-4627-B717-A17473EACB89}.Debug|Any CPU.ActiveCfg = Debug|Any CPU
		{FC548B36-0396-4627-B717-A17473EACB89}.Debug|Any CPU.Build.0 = Debug|Any CPU
		{FC548B36-0396-4627-B717-A17473EACB89}.Debug|x64.ActiveCfg = Debug|Any CPU
		{FC548B36-0396-4627-B717-A17473EACB89}.Debug|x64.Build.0 = Debug|Any CPU
		{FC548B36-0396-4627-B717-A17473EACB89}.Debug|x86.ActiveCfg = Debug|Any CPU
		{FC548B36-0396-4627-B717-A17473EACB89}.Debug|x86.Build.0 = Debug|Any CPU
		{FC548B36-0396-4627-B717-A17473EACB89}.Release|Any CPU.ActiveCfg = Release|Any CPU
		{FC548B36-0396-4627-B717-A17473EACB89}.Release|Any CPU.Build.0 = Release|Any CPU
		{FC548B36-0396-4627-B717-A17473EACB89}.Release|x64.ActiveCfg = Release|Any CPU
		{FC548B36-0396-4627-B717-A17473EACB89}.Release|x64.Build.0 = Release|Any CPU
		{FC548B36-0396-4627-B717-A17473EACB89}.Release|x86.ActiveCfg = Release|Any CPU
		{FC548B36-0396-4627-B717-A17473EACB89}.Release|x86.Build.0 = Release|Any CPU
		{3FC88968-C2C9-44AC-9216-15081C14C0DC}.Debug|Any CPU.ActiveCfg = Debug|Any CPU
		{3FC88968-C2C9-44AC-9216-15081C14C0DC}.Debug|Any CPU.Build.0 = Debug|Any CPU
		{3FC88968-C2C9-44AC-9216-15081C14C0DC}.Debug|x64.ActiveCfg = Debug|Any CPU
		{3FC88968-C2C9-44AC-9216-15081C14C0DC}.Debug|x64.Build.0 = Debug|Any CPU
		{3FC88968-C2C9-44AC-9216-15081C14C0DC}.Debug|x86.ActiveCfg = Debug|Any CPU
		{3FC88968-C2C9-44AC-9216-15081C14C0DC}.Debug|x86.Build.0 = Debug|Any CPU
		{3FC88968-C2C9-44AC-9216-15081C14C0DC}.Release|Any CPU.ActiveCfg = Release|Any CPU
		{3FC88968-C2C9-44AC-9216-15081C14C0DC}.Release|Any CPU.Build.0 = Release|Any CPU
		{3FC88968-C2C9-44AC-9216-15081C14C0DC}.Release|x64.ActiveCfg = Release|Any CPU
		{3FC88968-C2C9-44AC-9216-15081C14C0DC}.Release|x64.Build.0 = Release|Any CPU
		{3FC88968-C2C9-44AC-9216-15081C14C0DC}.Release|x86.ActiveCfg = Release|Any CPU
		{3FC88968-C2C9-44AC-9216-15081C14C0DC}.Release|x86.Build.0 = Release|Any CPU
		{475CD18E-526C-440B-B755-166F8D350D6F}.Debug|Any CPU.ActiveCfg = Debug|Any CPU
		{475CD18E-526C-440B-B755-166F8D350D6F}.Debug|Any CPU.Build.0 = Debug|Any CPU
		{475CD18E-526C-440B-B755-166F8D350D6F}.Debug|x64.ActiveCfg = Debug|Any CPU
		{475CD18E-526C-440B-B755-166F8D350D6F}.Debug|x64.Build.0 = Debug|Any CPU
		{475CD18E-526C-440B-B755-166F8D350D6F}.Debug|x86.ActiveCfg = Debug|Any CPU
		{475CD18E-526C-440B-B755-166F8D350D6F}.Debug|x86.Build.0 = Debug|Any CPU
		{475CD18E-526C-440B-B755-166F8D350D6F}.Release|Any CPU.ActiveCfg = Release|Any CPU
		{475CD18E-526C-440B-B755-166F8D350D6F}.Release|Any CPU.Build.0 = Release|Any CPU
		{475CD18E-526C-440B-B755-166F8D350D6F}.Release|x64.ActiveCfg = Release|Any CPU
		{475CD18E-526C-440B-B755-166F8D350D6F}.Release|x64.Build.0 = Release|Any CPU
		{475CD18E-526C-440B-B755-166F8D350D6F}.Release|x86.ActiveCfg = Release|Any CPU
		{475CD18E-526C-440B-B755-166F8D350D6F}.Release|x86.Build.0 = Release|Any CPU
		{3E02164D-EDF6-4260-93DD-6A5EF11A0EE0}.Debug|Any CPU.ActiveCfg = Debug|Any CPU
		{3E02164D-EDF6-4260-93DD-6A5EF11A0EE0}.Debug|Any CPU.Build.0 = Debug|Any CPU
		{3E02164D-EDF6-4260-93DD-6A5EF11A0EE0}.Debug|x64.ActiveCfg = Debug|Any CPU
		{3E02164D-EDF6-4260-93DD-6A5EF11A0EE0}.Debug|x64.Build.0 = Debug|Any CPU
		{3E02164D-EDF6-4260-93DD-6A5EF11A0EE0}.Debug|x86.ActiveCfg = Debug|Any CPU
		{3E02164D-EDF6-4260-93DD-6A5EF11A0EE0}.Debug|x86.Build.0 = Debug|Any CPU
		{3E02164D-EDF6-4260-93DD-6A5EF11A0EE0}.Release|Any CPU.ActiveCfg = Release|Any CPU
		{3E02164D-EDF6-4260-93DD-6A5EF11A0EE0}.Release|Any CPU.Build.0 = Release|Any CPU
		{3E02164D-EDF6-4260-93DD-6A5EF11A0EE0}.Release|x64.ActiveCfg = Release|Any CPU
		{3E02164D-EDF6-4260-93DD-6A5EF11A0EE0}.Release|x64.Build.0 = Release|Any CPU
		{3E02164D-EDF6-4260-93DD-6A5EF11A0EE0}.Release|x86.ActiveCfg = Release|Any CPU
		{3E02164D-EDF6-4260-93DD-6A5EF11A0EE0}.Release|x86.Build.0 = Release|Any CPU
		{74C47F85-744E-411D-A177-5A676DFA72B4}.Debug|Any CPU.ActiveCfg = Debug|Any CPU
		{74C47F85-744E-411D-A177-5A676DFA72B4}.Debug|Any CPU.Build.0 = Debug|Any CPU
		{74C47F85-744E-411D-A177-5A676DFA72B4}.Debug|x64.ActiveCfg = Debug|Any CPU
		{74C47F85-744E-411D-A177-5A676DFA72B4}.Debug|x64.Build.0 = Debug|Any CPU
		{74C47F85-744E-411D-A177-5A676DFA72B4}.Debug|x86.ActiveCfg = Debug|Any CPU
		{74C47F85-744E-411D-A177-5A676DFA72B4}.Debug|x86.Build.0 = Debug|Any CPU
		{74C47F85-744E-411D-A177-5A676DFA72B4}.Release|Any CPU.ActiveCfg = Release|Any CPU
		{74C47F85-744E-411D-A177-5A676DFA72B4}.Release|Any CPU.Build.0 = Release|Any CPU
		{74C47F85-744E-411D-A177-5A676DFA72B4}.Release|x64.ActiveCfg = Release|Any CPU
		{74C47F85-744E-411D-A177-5A676DFA72B4}.Release|x64.Build.0 = Release|Any CPU
		{74C47F85-744E-411D-A177-5A676DFA72B4}.Release|x86.ActiveCfg = Release|Any CPU
		{74C47F85-744E-411D-A177-5A676DFA72B4}.Release|x86.Build.0 = Release|Any CPU
		{668A0A96-A27B-47F6-845A-A102ACEA76E8}.Debug|Any CPU.ActiveCfg = Debug|Any CPU
		{668A0A96-A27B-47F6-845A-A102ACEA76E8}.Debug|x64.ActiveCfg = Debug|Any CPU
		{668A0A96-A27B-47F6-845A-A102ACEA76E8}.Debug|x86.ActiveCfg = Debug|Any CPU
		{668A0A96-A27B-47F6-845A-A102ACEA76E8}.Release|Any CPU.ActiveCfg = Release|Any CPU
		{668A0A96-A27B-47F6-845A-A102ACEA76E8}.Release|x64.ActiveCfg = Release|Any CPU
		{668A0A96-A27B-47F6-845A-A102ACEA76E8}.Release|x86.ActiveCfg = Release|Any CPU
	EndGlobalSection
	GlobalSection(SolutionProperties) = preSolution
		HideSolutionNode = FALSE
	EndGlobalSection
	GlobalSection(ExtensibilityGlobals) = postSolution
		SolutionGuid = {380E1909-8C0F-4183-9D27-EBF6DE929C21}
	EndGlobalSection
EndGlobal
